<?xml version="1.0" encoding="UTF-8" standalone="yes" ?>
<CodeBlocks_project_file>
	<FileVersion major="1" minor="6" />
	<Project>
		<Option title="Mando Engine" />
		<Option pch_mode="2" />
		<Option compiler="gcc" />
		<Build>
			<Target title="Debug">
				<Option output="bin/Debug/Mando Engine" prefix_auto="1" extension_auto="1" />
				<Option object_output="obj/Debug/" />
				<Option type="1" />
				<Option compiler="gcc" />
				<Compiler>
					<Add option="-g" />
					<Add directory="Motor" />
					<Add directory="Motor/Graficos" />
					<Add directory="Motor/Graficos/Dibujables" />
					<Add directory="Motor/Graficos/GL_Vinculacion" />
					<Add directory="Motor/Graficos/Loaders" />
					<Add directory="include" />
					<Add directory="Motor/Estructuras" />
				</Compiler>
				<Linker>
					<Add library="glew32s" />
					<Add library="glew32" />
					<Add library="opengl32" />
					<Add library="glfw3" />
					<Add library="gdi32" />
					<Add directory="lib" />
				</Linker>
			</Target>
			<Target title="Release">
				<Option output="bin/Release/Mando Engine" prefix_auto="1" extension_auto="1" />
				<Option object_output="obj/Release/" />
				<Option type="1" />
				<Option compiler="gcc" />
				<Compiler>
					<Add option="-O2" />
					<Add directory="Motor/Graficos/GL_Vinculacion" />
					<Add directory="Motor/Graficos" />
					<Add directory="Motor" />
					<Add directory="Motor/Estructuras" />
				</Compiler>
				<Linker>
					<Add option="-s" />
				</Linker>
			</Target>
		</Build>
		<Compiler>
			<Add option="-Wall" />
			<Add option="-fexceptions" />
		</Compiler>
		<Unit filename="Motor/Estructuras/arbol_recursos.cpp" />
		<Unit filename="Motor/Estructuras/arbol_recursos.h" />
		<Unit filename="Motor/Graficos/GL_Vinculacion/array_buffer.cpp" />
		<Unit filename="Motor/Graficos/GL_Vinculacion/array_buffer.h" />
		<Unit filename="Motor/Graficos/GL_Vinculacion/gl_contexto.cpp" />
		<Unit filename="Motor/Graficos/GL_Vinculacion/gl_contexto.h" />
		<Unit filename="Motor/Graficos/GL_Vinculacion/index_buffer.cpp" />
		<Unit filename="Motor/Graficos/GL_Vinculacion/index_buffer.h" />
		<Unit filename="Motor/Graficos/GL_Vinculacion/simple_shader.cpp" />
		<Unit filename="Motor/Graficos/GL_Vinculacion/simple_shader.h" />
		<Unit filename="Motor/Graficos/GL_Vinculacion/textura.cpp" />
		<Unit filename="Motor/Graficos/GL_Vinculacion/textura.h" />
		<Unit filename="Motor/Graficos/GL_Vinculacion/vertex_array.cpp" />
		<Unit filename="Motor/Graficos/GL_Vinculacion/vertex_array.h" />
		<Unit filename="Motor/Graficos/Loaders/stb_image.c">
			<Option compilerVar="CC" />
		</Unit>
		<Unit filename="Motor/Graficos/Loaders/stb_image.h" />
		<Unit filename="Motor/Graficos/color.cpp" />
		<Unit filename="Motor/Graficos/color.h" />
		<Unit filename="Motor/Graficos/dibujable.cpp" />
		<Unit filename="Motor/Graficos/dibujable.h" />
		<Unit filename="Motor/Graficos/modelo.h" />
		<Unit filename="Motor/Graficos/sprite.cpp" />
		<Unit filename="Motor/Graficos/sprite.h" />
		<Unit filename="Motor/Graficos/textura_arreglada.cpp" />
		<Unit filename="Motor/Graficos/textura_arreglada.h" />
		<Unit filename="Motor/logger.h" />
		<Unit filename="Motor/recurso.h" />
		<Unit filename="Motor/recursos.cpp" />
		<Unit filename="Motor/recursos.h" />
		<Unit filename="main.cpp" />
		<Unit filename="ventana.cpp" />
		<Unit filename="ventana.h" />
		<Extensions>
			<code_completion />
			<envvars />
			<debugger />
		</Extensions>
	</Project>
</CodeBlocks_project_file>
